
Microsoft Visual Studio Solution File, Format Version 12.00
# Visual Studio 2012
Project("{2150E333-8FDC-42A3-9474-1A3956D46DE8}") = "Tests", "Tests", "{591E240E-3B5D-442E-BBBF-994DE8F77B89}"
EndProject
Project("{2150E333-8FDC-42A3-9474-1A3956D46DE8}") = "Solution Items", "Solution Items", "{2873BFD7-EF78-4E93-B4B4-6B10CF4A69E0}"
	ProjectSection(SolutionItems) = preProject
		Local.testsettings = Local.testsettings
		Rentlerv2.vsmdi = Rentlerv2.vsmdi
		TraceAndTestImpact.testsettings = TraceAndTestImpact.testsettings
	EndProjectSection
EndProject
Project("{FAE04EC0-301F-11D3-BF4B-00C04F79EFBC}") = "Rentler.Web", "Rentler.Web\Rentler.Web.csproj", "{A29267F7-CABA-4986-BD32-22F8312B788F}"
EndProject
Project("{FAE04EC0-301F-11D3-BF4B-00C04F79EFBC}") = "Rentler", "Rentler\Rentler.csproj", "{0539A612-E10E-404D-8E39-C144714638FE}"
EndProject
Project("{FAE04EC0-301F-11D3-BF4B-00C04F79EFBC}") = "Rentler.Integration.Web", "Rentler.Integration.Web\Rentler.Integration.Web.csproj", "{559E6865-81B0-4AF0-A422-A3C13C09E0E9}"
EndProject
Project("{FAE04EC0-301F-11D3-BF4B-00C04F79EFBC}") = "Rentler.Web.Tests", "Rentler.Web.Tests\Rentler.Web.Tests.csproj", "{44CAABF0-C9E2-442F-B040-FEF5C475D1B2}"
EndProject
Project("{FAE04EC0-301F-11D3-BF4B-00C04F79EFBC}") = "Rentler.Tests", "Rentler.Tests\Rentler.Tests.csproj", "{79044A1D-8D30-4BA1-A4BD-60C91F8D61CB}"
EndProject
Project("{FAE04EC0-301F-11D3-BF4B-00C04F79EFBC}") = "Rentler.Data", "Rentler.Data\Rentler.Data.csproj", "{F3EC16B1-7FA5-4231-9E92-5A6E2F78BB55}"
EndProject
Project("{FAE04EC0-301F-11D3-BF4B-00C04F79EFBC}") = "Rentler.Configuration", "Rentler.Configuration\Rentler.Configuration.csproj", "{52910457-728F-4A9F-A177-8DB872931D9E}"
EndProject
Global
	GlobalSection(TestCaseManagementSettings) = postSolution
		CategoryFile = Rentlerv2.vsmdi
	EndGlobalSection
	GlobalSection(SolutionConfigurationPlatforms) = preSolution
		Debug|Any CPU = Debug|Any CPU
		Debug|Mixed Platforms = Debug|Mixed Platforms
		Debug|x64 = Debug|x64
		Debug|x86 = Debug|x86
		Live|Any CPU = Live|Any CPU
		Live|Mixed Platforms = Live|Mixed Platforms
		Live|x64 = Live|x64
		Live|x86 = Live|x86
		Release|Any CPU = Release|Any CPU
		Release|Mixed Platforms = Release|Mixed Platforms
		Release|x64 = Release|x64
		Release|x86 = Release|x86
		Staging|Any CPU = Staging|Any CPU
		Staging|Mixed Platforms = Staging|Mixed Platforms
		Staging|x64 = Staging|x64
		Staging|x86 = Staging|x86
	EndGlobalSection
	GlobalSection(ProjectConfigurationPlatforms) = postSolution
		{A29267F7-CABA-4986-BD32-22F8312B788F}.Debug|Any CPU.ActiveCfg = Debug|Any CPU
		{A29267F7-CABA-4986-BD32-22F8312B788F}.Debug|Any CPU.Build.0 = Debug|Any CPU
		{A29267F7-CABA-4986-BD32-22F8312B788F}.Debug|Mixed Platforms.ActiveCfg = Debug|Any CPU
		{A29267F7-CABA-4986-BD32-22F8312B788F}.Debug|Mixed Platforms.Build.0 = Debug|Any CPU
		{A29267F7-CABA-4986-BD32-22F8312B788F}.Debug|x64.ActiveCfg = Debug|x64
		{A29267F7-CABA-4986-BD32-22F8312B788F}.Debug|x64.Build.0 = Debug|x64
		{A29267F7-CABA-4986-BD32-22F8312B788F}.Debug|x86.ActiveCfg = Debug|x64
		{A29267F7-CABA-4986-BD32-22F8312B788F}.Live|Any CPU.ActiveCfg = Live|Any CPU
		{A29267F7-CABA-4986-BD32-22F8312B788F}.Live|Any CPU.Build.0 = Live|Any CPU
		{A29267F7-CABA-4986-BD32-22F8312B788F}.Live|Mixed Platforms.ActiveCfg = Live|Any CPU
		{A29267F7-CABA-4986-BD32-22F8312B788F}.Live|Mixed Platforms.Build.0 = Live|Any CPU
		{A29267F7-CABA-4986-BD32-22F8312B788F}.Live|x64.ActiveCfg = Staging|x64
		{A29267F7-CABA-4986-BD32-22F8312B788F}.Live|x64.Build.0 = Staging|x64
		{A29267F7-CABA-4986-BD32-22F8312B788F}.Live|x86.ActiveCfg = Staging|x64
		{A29267F7-CABA-4986-BD32-22F8312B788F}.Release|Any CPU.ActiveCfg = Release|Any CPU
		{A29267F7-CABA-4986-BD32-22F8312B788F}.Release|Any CPU.Build.0 = Release|Any CPU
		{A29267F7-CABA-4986-BD32-22F8312B788F}.Release|Mixed Platforms.ActiveCfg = Release|Any CPU
		{A29267F7-CABA-4986-BD32-22F8312B788F}.Release|Mixed Platforms.Build.0 = Release|Any CPU
		{A29267F7-CABA-4986-BD32-22F8312B788F}.Release|x64.ActiveCfg = Release|x64
		{A29267F7-CABA-4986-BD32-22F8312B788F}.Release|x64.Build.0 = Release|x64
		{A29267F7-CABA-4986-BD32-22F8312B788F}.Release|x86.ActiveCfg = Release|x64
		{A29267F7-CABA-4986-BD32-22F8312B788F}.Staging|Any CPU.ActiveCfg = Staging|Any CPU
		{A29267F7-CABA-4986-BD32-22F8312B788F}.Staging|Any CPU.Build.0 = Staging|Any CPU
		{A29267F7-CABA-4986-BD32-22F8312B788F}.Staging|Mixed Platforms.ActiveCfg = Staging|Any CPU
		{A29267F7-CABA-4986-BD32-22F8312B788F}.Staging|Mixed Platforms.Build.0 = Staging|Any CPU
		{A29267F7-CABA-4986-BD32-22F8312B788F}.Staging|x64.ActiveCfg = Staging|x64
		{A29267F7-CABA-4986-BD32-22F8312B788F}.Staging|x64.Build.0 = Staging|x64
		{A29267F7-CABA-4986-BD32-22F8312B788F}.Staging|x86.ActiveCfg = Staging|x64
		{0539A612-E10E-404D-8E39-C144714638FE}.Debug|Any CPU.ActiveCfg = Debug|Any CPU
		{0539A612-E10E-404D-8E39-C144714638FE}.Debug|Any CPU.Build.0 = Debug|Any CPU
		{0539A612-E10E-404D-8E39-C144714638FE}.Debug|Mixed Platforms.ActiveCfg = Debug|Any CPU
		{0539A612-E10E-404D-8E39-C144714638FE}.Debug|Mixed Platforms.Build.0 = Debug|Any CPU
		{0539A612-E10E-404D-8E39-C144714638FE}.Debug|x64.ActiveCfg = Debug|Any CPU
		{0539A612-E10E-404D-8E39-C144714638FE}.Debug|x86.ActiveCfg = Debug|Any CPU
		{0539A612-E10E-404D-8E39-C144714638FE}.Live|Any CPU.ActiveCfg = Live|Any CPU
		{0539A612-E10E-404D-8E39-C144714638FE}.Live|Any CPU.Build.0 = Live|Any CPU
		{0539A612-E10E-404D-8E39-C144714638FE}.Live|Mixed Platforms.ActiveCfg = Live|Any CPU
		{0539A612-E10E-404D-8E39-C144714638FE}.Live|Mixed Platforms.Build.0 = Live|Any CPU
		{0539A612-E10E-404D-8E39-C144714638FE}.Live|x64.ActiveCfg = Live|Any CPU
		{0539A612-E10E-404D-8E39-C144714638FE}.Live|x86.ActiveCfg = Live|Any CPU
		{0539A612-E10E-404D-8E39-C144714638FE}.Release|Any CPU.ActiveCfg = Release|Any CPU
		{0539A612-E10E-404D-8E39-C144714638FE}.Release|Any CPU.Build.0 = Release|Any CPU
		{0539A612-E10E-404D-8E39-C144714638FE}.Release|Mixed Platforms.ActiveCfg = Release|Any CPU
		{0539A612-E10E-404D-8E39-C144714638FE}.Release|Mixed Platforms.Build.0 = Release|Any CPU
		{0539A612-E10E-404D-8E39-C144714638FE}.Release|x64.ActiveCfg = Release|Any CPU
		{0539A612-E10E-404D-8E39-C144714638FE}.Release|x86.ActiveCfg = Release|Any CPU
		{0539A612-E10E-404D-8E39-C144714638FE}.Staging|Any CPU.ActiveCfg = Staging|Any CPU
		{0539A612-E10E-404D-8E39-C144714638FE}.Staging|Any CPU.Build.0 = Staging|Any CPU
		{0539A612-E10E-404D-8E39-C144714638FE}.Staging|Mixed Platforms.ActiveCfg = Staging|Any CPU
		{0539A612-E10E-404D-8E39-C144714638FE}.Staging|Mixed Platforms.Build.0 = Staging|Any CPU
		{0539A612-E10E-404D-8E39-C144714638FE}.Staging|x64.ActiveCfg = Staging|Any CPU
		{0539A612-E10E-404D-8E39-C144714638FE}.Staging|x86.ActiveCfg = Staging|Any CPU
		{559E6865-81B0-4AF0-A422-A3C13C09E0E9}.Debug|Any CPU.ActiveCfg = Debug|Any CPU
		{559E6865-81B0-4AF0-A422-A3C13C09E0E9}.Debug|Any CPU.Build.0 = Debug|Any CPU
		{559E6865-81B0-4AF0-A422-A3C13C09E0E9}.Debug|Mixed Platforms.ActiveCfg = Debug|Any CPU
		{559E6865-81B0-4AF0-A422-A3C13C09E0E9}.Debug|Mixed Platforms.Build.0 = Debug|Any CPU
		{559E6865-81B0-4AF0-A422-A3C13C09E0E9}.Debug|x64.ActiveCfg = Debug|Any CPU
		{559E6865-81B0-4AF0-A422-A3C13C09E0E9}.Debug|x86.ActiveCfg = Debug|Any CPU
		{559E6865-81B0-4AF0-A422-A3C13C09E0E9}.Live|Any CPU.ActiveCfg = Live|Any CPU
		{559E6865-81B0-4AF0-A422-A3C13C09E0E9}.Live|Any CPU.Build.0 = Live|Any CPU
		{559E6865-81B0-4AF0-A422-A3C13C09E0E9}.Live|Mixed Platforms.ActiveCfg = Live|Any CPU
		{559E6865-81B0-4AF0-A422-A3C13C09E0E9}.Live|Mixed Platforms.Build.0 = Live|Any CPU
		{559E6865-81B0-4AF0-A422-A3C13C09E0E9}.Live|x64.ActiveCfg = Live|Any CPU
		{559E6865-81B0-4AF0-A422-A3C13C09E0E9}.Live|x86.ActiveCfg = Live|Any CPU
		{559E6865-81B0-4AF0-A422-A3C13C09E0E9}.Release|Any CPU.ActiveCfg = Release|Any CPU
		{559E6865-81B0-4AF0-A422-A3C13C09E0E9}.Release|Any CPU.Build.0 = Release|Any CPU
		{559E6865-81B0-4AF0-A422-A3C13C09E0E9}.Release|Mixed Platforms.ActiveCfg = Release|Any CPU
		{559E6865-81B0-4AF0-A422-A3C13C09E0E9}.Release|Mixed Platforms.Build.0 = Release|Any CPU
		{559E6865-81B0-4AF0-A422-A3C13C09E0E9}.Release|x64.ActiveCfg = Release|Any CPU
		{559E6865-81B0-4AF0-A422-A3C13C09E0E9}.Release|x86.ActiveCfg = Release|Any CPU
		{559E6865-81B0-4AF0-A422-A3C13C09E0E9}.Staging|Any CPU.ActiveCfg = Staging|Any CPU
		{559E6865-81B0-4AF0-A422-A3C13C09E0E9}.Staging|Any CPU.Build.0 = Staging|Any CPU
		{559E6865-81B0-4AF0-A422-A3C13C09E0E9}.Staging|Mixed Platforms.ActiveCfg = Staging|Any CPU
		{559E6865-81B0-4AF0-A422-A3C13C09E0E9}.Staging|Mixed Platforms.Build.0 = Staging|Any CPU
		{559E6865-81B0-4AF0-A422-A3C13C09E0E9}.Staging|x64.ActiveCfg = Staging|Any CPU
		{559E6865-81B0-4AF0-A422-A3C13C09E0E9}.Staging|x86.ActiveCfg = Staging|Any CPU
		{44CAABF0-C9E2-442F-B040-FEF5C475D1B2}.Debug|Any CPU.ActiveCfg = Debug|Any CPU
		{44CAABF0-C9E2-442F-B040-FEF5C475D1B2}.Debug|Any CPU.Build.0 = Debug|Any CPU
		{44CAABF0-C9E2-442F-B040-FEF5C475D1B2}.Debug|Mixed Platforms.ActiveCfg = Debug|Any CPU
		{44CAABF0-C9E2-442F-B040-FEF5C475D1B2}.Debug|Mixed Platforms.Build.0 = Debug|Any CPU
		{44CAABF0-C9E2-442F-B040-FEF5C475D1B2}.Debug|x64.ActiveCfg = Debug|Any CPU
		{44CAABF0-C9E2-442F-B040-FEF5C475D1B2}.Debug|x86.ActiveCfg = Debug|Any CPU
		{44CAABF0-C9E2-442F-B040-FEF5C475D1B2}.Live|Any CPU.ActiveCfg = Live|Any CPU
		{44CAABF0-C9E2-442F-B040-FEF5C475D1B2}.Live|Any CPU.Build.0 = Live|Any CPU
		{44CAABF0-C9E2-442F-B040-FEF5C475D1B2}.Live|Mixed Platforms.ActiveCfg = Live|Any CPU
		{44CAABF0-C9E2-442F-B040-FEF5C475D1B2}.Live|Mixed Platforms.Build.0 = Live|Any CPU
		{44CAABF0-C9E2-442F-B040-FEF5C475D1B2}.Live|x64.ActiveCfg = Release|Any CPU
		{44CAABF0-C9E2-442F-B040-FEF5C475D1B2}.Live|x86.ActiveCfg = Release|Any CPU
		{44CAABF0-C9E2-442F-B040-FEF5C475D1B2}.Release|Any CPU.ActiveCfg = Release|Any CPU
		{44CAABF0-C9E2-442F-B040-FEF5C475D1B2}.Release|Any CPU.Build.0 = Release|Any CPU
		{44CAABF0-C9E2-442F-B040-FEF5C475D1B2}.Release|Mixed Platforms.ActiveCfg = Release|Any CPU
		{44CAABF0-C9E2-442F-B040-FEF5C475D1B2}.Release|Mixed Platforms.Build.0 = Release|Any CPU
		{44CAABF0-C9E2-442F-B040-FEF5C475D1B2}.Release|x64.ActiveCfg = Release|Any CPU
		{44CAABF0-C9E2-442F-B040-FEF5C475D1B2}.Release|x86.ActiveCfg = Release|Any CPU
		{44CAABF0-C9E2-442F-B040-FEF5C475D1B2}.Staging|Any CPU.ActiveCfg = Release|Any CPU
		{44CAABF0-C9E2-442F-B040-FEF5C475D1B2}.Staging|Any CPU.Build.0 = Release|Any CPU
		{44CAABF0-C9E2-442F-B040-FEF5C475D1B2}.Staging|Mixed Platforms.ActiveCfg = Staging|Any CPU
		{44CAABF0-C9E2-442F-B040-FEF5C475D1B2}.Staging|Mixed Platforms.Build.0 = Staging|Any CPU
		{44CAABF0-C9E2-442F-B040-FEF5C475D1B2}.Staging|x64.ActiveCfg = Release|Any CPU
		{44CAABF0-C9E2-442F-B040-FEF5C475D1B2}.Staging|x86.ActiveCfg = Release|Any CPU
		{79044A1D-8D30-4BA1-A4BD-60C91F8D61CB}.Debug|Any CPU.ActiveCfg = Debug|Any CPU
		{79044A1D-8D30-4BA1-A4BD-60C91F8D61CB}.Debug|Any CPU.Build.0 = Debug|Any CPU
		{79044A1D-8D30-4BA1-A4BD-60C91F8D61CB}.Debug|Mixed Platforms.ActiveCfg = Debug|Any CPU
		{79044A1D-8D30-4BA1-A4BD-60C91F8D61CB}.Debug|Mixed Platforms.Build.0 = Debug|Any CPU
		{79044A1D-8D30-4BA1-A4BD-60C91F8D61CB}.Debug|x64.ActiveCfg = Debug|Any CPU
		{79044A1D-8D30-4BA1-A4BD-60C91F8D61CB}.Debug|x86.ActiveCfg = Debug|Any CPU
		{79044A1D-8D30-4BA1-A4BD-60C91F8D61CB}.Live|Any CPU.ActiveCfg = Live|Any CPU
		{79044A1D-8D30-4BA1-A4BD-60C91F8D61CB}.Live|Any CPU.Build.0 = Live|Any CPU
		{79044A1D-8D30-4BA1-A4BD-60C91F8D61CB}.Live|Mixed Platforms.ActiveCfg = Live|Any CPU
		{79044A1D-8D30-4BA1-A4BD-60C91F8D61CB}.Live|Mixed Platforms.Build.0 = Live|Any CPU
		{79044A1D-8D30-4BA1-A4BD-60C91F8D61CB}.Live|x64.ActiveCfg = Release|Any CPU
		{79044A1D-8D30-4BA1-A4BD-60C91F8D61CB}.Live|x86.ActiveCfg = Release|Any CPU
		{79044A1D-8D30-4BA1-A4BD-60C91F8D61CB}.Release|Any CPU.ActiveCfg = Release|Any CPU
		{79044A1D-8D30-4BA1-A4BD-60C91F8D61CB}.Release|Any CPU.Build.0 = Release|Any CPU
		{79044A1D-8D30-4BA1-A4BD-60C91F8D61CB}.Release|Mixed Platforms.ActiveCfg = Release|Any CPU
		{79044A1D-8D30-4BA1-A4BD-60C91F8D61CB}.Release|Mixed Platforms.Build.0 = Release|Any CPU
		{79044A1D-8D30-4BA1-A4BD-60C91F8D61CB}.Release|x64.ActiveCfg = Release|Any CPU
		{79044A1D-8D30-4BA1-A4BD-60C91F8D61CB}.Release|x86.ActiveCfg = Release|Any CPU
		{79044A1D-8D30-4BA1-A4BD-60C91F8D61CB}.Staging|Any CPU.ActiveCfg = Release|Any CPU
		{79044A1D-8D30-4BA1-A4BD-60C91F8D61CB}.Staging|Any CPU.Build.0 = Release|Any CPU
		{79044A1D-8D30-4BA1-A4BD-60C91F8D61CB}.Staging|Mixed Platforms.ActiveCfg = Staging|Any CPU
		{79044A1D-8D30-4BA1-A4BD-60C91F8D61CB}.Staging|Mixed Platforms.Build.0 = Staging|Any CPU
		{79044A1D-8D30-4BA1-A4BD-60C91F8D61CB}.Staging|x64.ActiveCfg = Release|Any CPU
		{79044A1D-8D30-4BA1-A4BD-60C91F8D61CB}.Staging|x86.ActiveCfg = Release|Any CPU
		{F3EC16B1-7FA5-4231-9E92-5A6E2F78BB55}.Debug|Any CPU.ActiveCfg = Debug|Any CPU
		{F3EC16B1-7FA5-4231-9E92-5A6E2F78BB55}.Debug|Any CPU.Build.0 = Debug|Any CPU
		{F3EC16B1-7FA5-4231-9E92-5A6E2F78BB55}.Debug|Mixed Platforms.ActiveCfg = Debug|Any CPU
		{F3EC16B1-7FA5-4231-9E92-5A6E2F78BB55}.Debug|Mixed Platforms.Build.0 = Debug|Any CPU
		{F3EC16B1-7FA5-4231-9E92-5A6E2F78BB55}.Debug|x64.ActiveCfg = Debug|Any CPU
		{F3EC16B1-7FA5-4231-9E92-5A6E2F78BB55}.Debug|x86.ActiveCfg = Debug|Any CPU
		{F3EC16B1-7FA5-4231-9E92-5A6E2F78BB55}.Live|Any CPU.ActiveCfg = Live|Any CPU
		{F3EC16B1-7FA5-4231-9E92-5A6E2F78BB55}.Live|Any CPU.Build.0 = Live|Any CPU
		{F3EC16B1-7FA5-4231-9E92-5A6E2F78BB55}.Live|Mixed Platforms.ActiveCfg = Live|Any CPU
		{F3EC16B1-7FA5-4231-9E92-5A6E2F78BB55}.Live|Mixed Platforms.Build.0 = Live|Any CPU
		{F3EC16B1-7FA5-4231-9E92-5A6E2F78BB55}.Live|x64.ActiveCfg = Release|Any CPU
		{F3EC16B1-7FA5-4231-9E92-5A6E2F78BB55}.Live|x86.ActiveCfg = Release|Any CPU
		{F3EC16B1-7FA5-4231-9E92-5A6E2F78BB55}.Release|Any CPU.ActiveCfg = Release|Any CPU
		{F3EC16B1-7FA5-4231-9E92-5A6E2F78BB55}.Release|Any CPU.Build.0 = Release|Any CPU
		{F3EC16B1-7FA5-4231-9E92-5A6E2F78BB55}.Release|Mixed Platforms.ActiveCfg = Release|Any CPU
		{F3EC16B1-7FA5-4231-9E92-5A6E2F78BB55}.Release|Mixed Platforms.Build.0 = Release|Any CPU
		{F3EC16B1-7FA5-4231-9E92-5A6E2F78BB55}.Release|x64.ActiveCfg = Release|Any CPU
		{F3EC16B1-7FA5-4231-9E92-5A6E2F78BB55}.Release|x86.ActiveCfg = Release|Any CPU
		{F3EC16B1-7FA5-4231-9E92-5A6E2F78BB55}.Staging|Any CPU.ActiveCfg = Release|Any CPU
		{F3EC16B1-7FA5-4231-9E92-5A6E2F78BB55}.Staging|Any CPU.Build.0 = Release|Any CPU
		{F3EC16B1-7FA5-4231-9E92-5A6E2F78BB55}.Staging|Mixed Platforms.ActiveCfg = Staging|Any CPU
		{F3EC16B1-7FA5-4231-9E92-5A6E2F78BB55}.Staging|Mixed Platforms.Build.0 = Staging|Any CPU
		{F3EC16B1-7FA5-4231-9E92-5A6E2F78BB55}.Staging|x64.ActiveCfg = Release|Any CPU
		{F3EC16B1-7FA5-4231-9E92-5A6E2F78BB55}.Staging|x86.ActiveCfg = Release|Any CPU
		{52910457-728F-4A9F-A177-8DB872931D9E}.Debug|Any CPU.ActiveCfg = Debug|Any CPU
		{52910457-728F-4A9F-A177-8DB872931D9E}.Debug|Any CPU.Build.0 = Debug|Any CPU
		{52910457-728F-4A9F-A177-8DB872931D9E}.Debug|Mixed Platforms.ActiveCfg = Debug|Any CPU
		{52910457-728F-4A9F-A177-8DB872931D9E}.Debug|Mixed Platforms.Build.0 = Debug|Any CPU
		{52910457-728F-4A9F-A177-8DB872931D9E}.Debug|x64.ActiveCfg = Debug|Any CPU
		{52910457-728F-4A9F-A177-8DB872931D9E}.Debug|x86.ActiveCfg = Debug|Any CPU
		{52910457-728F-4A9F-A177-8DB872931D9E}.Live|Any CPU.ActiveCfg = Live|Any CPU
		{52910457-728F-4A9F-A177-8DB872931D9E}.Live|Any CPU.Build.0 = Live|Any CPU
		{52910457-728F-4A9F-A177-8DB872931D9E}.Live|Mixed Platforms.ActiveCfg = Live|Any CPU
		{52910457-728F-4A9F-A177-8DB872931D9E}.Live|Mixed Platforms.Build.0 = Live|Any CPU
		{52910457-728F-4A9F-A177-8DB872931D9E}.Live|x64.ActiveCfg = Release|Any CPU
		{52910457-728F-4A9F-A177-8DB872931D9E}.Live|x86.ActiveCfg = Release|Any CPU
		{52910457-728F-4A9F-A177-8DB872931D9E}.Release|Any CPU.ActiveCfg = Release|Any CPU
		{52910457-728F-4A9F-A177-8DB872931D9E}.Release|Any CPU.Build.0 = Release|Any CPU
		{52910457-728F-4A9F-A177-8DB872931D9E}.Release|Mixed Platforms.ActiveCfg = Release|Any CPU
		{52910457-728F-4A9F-A177-8DB872931D9E}.Release|Mixed Platforms.Build.0 = Release|Any CPU
		{52910457-728F-4A9F-A177-8DB872931D9E}.Release|x64.ActiveCfg = Release|Any CPU
		{52910457-728F-4A9F-A177-8DB872931D9E}.Release|x86.ActiveCfg = Release|Any CPU
		{52910457-728F-4A9F-A177-8DB872931D9E}.Staging|Any CPU.ActiveCfg = Release|Any CPU
		{52910457-728F-4A9F-A177-8DB872931D9E}.Staging|Any CPU.Build.0 = Release|Any CPU
		{52910457-728F-4A9F-A177-8DB872931D9E}.Staging|Mixed Platforms.ActiveCfg = Staging|Any CPU
		{52910457-728F-4A9F-A177-8DB872931D9E}.Staging|Mixed Platforms.Build.0 = Staging|Any CPU
		{52910457-728F-4A9F-A177-8DB872931D9E}.Staging|x64.ActiveCfg = Release|Any CPU
		{52910457-728F-4A9F-A177-8DB872931D9E}.Staging|x86.ActiveCfg = Release|Any CPU
	EndGlobalSection
	GlobalSection(SolutionProperties) = preSolution
		HideSolutionNode = FALSE
	EndGlobalSection
	GlobalSection(NestedProjects) = preSolution
		{2873BFD7-EF78-4E93-B4B4-6B10CF4A69E0} = {591E240E-3B5D-442E-BBBF-994DE8F77B89}
		{559E6865-81B0-4AF0-A422-A3C13C09E0E9} = {591E240E-3B5D-442E-BBBF-994DE8F77B89}
		{44CAABF0-C9E2-442F-B040-FEF5C475D1B2} = {591E240E-3B5D-442E-BBBF-994DE8F77B89}
		{79044A1D-8D30-4BA1-A4BD-60C91F8D61CB} = {591E240E-3B5D-442E-BBBF-994DE8F77B89}
	EndGlobalSection
EndGlobal
